
Microsoft Visual Studio Solution File, Format Version 12.00
# Visual Studio Version 16
VisualStudioVersion = 16.0.31729.503
MinimumVisualStudioVersion = 10.0.40219.1
Project("{FAE04EC0-301F-11D3-BF4B-00C04F79EFBC}") = "DAY_6_codes", "DAY_6_codes\DAY_6_codes.csproj", "{ED737A76-4868-49AC-B97E-BFD80E2C351A}"
EndProject
Project("{2150E333-8FDC-42A3-9474-1A3956D46DE8}") = "Solution Items", "Solution Items", "{B5AECC13-0890-4373-9EA3-C877BA2E69E1}"
	ProjectSection(SolutionItems) = preProject
		PerfectNumber.cs = PerfectNumber.cs
		PrimeNumber.cs = PrimeNumber.cs
		reverse.cs = reverse.cs
		StopWatch.cs = StopWatch.cs
	EndProjectSection
EndProject
Global
	GlobalSection(SolutionConfigurationPlatforms) = preSolution
		Debug|Any CPU = Debug|Any CPU
		Release|Any CPU = Release|Any CPU
	EndGlobalSection
	GlobalSection(ProjectConfigurationPlatforms) = postSolution
		{ED737A76-4868-49AC-B97E-BFD80E2C351A}.Debug|Any CPU.ActiveCfg = Debug|Any CPU
		{ED737A76-4868-49AC-B97E-BFD80E2C351A}.Debug|Any CPU.Build.0 = Debug|Any CPU
		{ED737A76-4868-49AC-B97E-BFD80E2C351A}.Release|Any CPU.ActiveCfg = Release|Any CPU
		{ED737A76-4868-49AC-B97E-BFD80E2C351A}.Release|Any CPU.Build.0 = Release|Any CPU
	EndGlobalSection
	GlobalSection(SolutionProperties) = preSolution
		HideSolutionNode = FALSE
	EndGlobalSection
	GlobalSection(ExtensibilityGlobals) = postSolution
		SolutionGuid = {1EA6562B-E9A1-4F67-A1FA-14F249C5094F}
	EndGlobalSection
EndGlobal
